
Microsoft Visual Studio Solution File, Format Version 12.00
# Visual Studio Version 17
VisualStudioVersion = 17.0.31903.59
MinimumVisualStudioVersion = 10.0.40219.1
Project("{2150E333-8FDC-42A3-9474-1A3956D46DE8}") = "src", "src", "{7EC280BE-BECF-4BE9-A995-7B3D74B5634D}"
EndProject
Project("{FAE04EC0-301F-11D3-BF4B-00C04F79EFBC}") = "AuctionService", "src\AuctionService\AuctionService.csproj", "{FC6AAF8F-F843-41C6-A9AC-30EFCD5C45BB}"
EndProject
Project("{FAE04EC0-301F-11D3-BF4B-00C04F79EFBC}") = "SearchService", "src\SearchService\SearchService.csproj", "{FCBBB4F6-162C-4764-A567-B2C397E5E6A5}"
EndProject
Project("{FAE04EC0-301F-11D3-BF4B-00C04F79EFBC}") = "Contracts", "src\Contracts\Contracts.csproj", "{16F22403-E423-4750-868F-81BE80DDAB23}"
EndProject
Project("{FAE04EC0-301F-11D3-BF4B-00C04F79EFBC}") = "IdentityService", "src\IdentityService\IdentityService.csproj", "{A2F25941-D1E2-46F9-837F-7D64432D8AB2}"
EndProject
Project("{FAE04EC0-301F-11D3-BF4B-00C04F79EFBC}") = "GatewayService", "src\GatewayService\GatewayService.csproj", "{84860CDA-CAAC-4254-993A-DD33B9D7EBE7}"
EndProject
Project("{2150E333-8FDC-42A3-9474-1A3956D46DE8}") = "tests", "tests", "{F44A98EE-D554-4421-81F7-6AA539B9DBD7}"
EndProject
Project("{FAE04EC0-301F-11D3-BF4B-00C04F79EFBC}") = "AuctionService.UnitTests", "tests\AuctionService.UnitTests\AuctionService.UnitTests.csproj", "{3967CF49-08EE-43FC-9D98-4D43CA98CA6D}"
EndProject
Project("{FAE04EC0-301F-11D3-BF4B-00C04F79EFBC}") = "AuctionService.IntegrationTests", "tests\AuctionService.IntegrationTests\AuctionService.IntegrationTests.csproj", "{F8514194-2B65-4FB8-899F-51675565B68A}"
EndProject
Global
	GlobalSection(SolutionConfigurationPlatforms) = preSolution
		Debug|Any CPU = Debug|Any CPU
		Release|Any CPU = Release|Any CPU
	EndGlobalSection
	GlobalSection(SolutionProperties) = preSolution
		HideSolutionNode = FALSE
	EndGlobalSection
	GlobalSection(ProjectConfigurationPlatforms) = postSolution
		{FC6AAF8F-F843-41C6-A9AC-30EFCD5C45BB}.Debug|Any CPU.ActiveCfg = Debug|Any CPU
		{FC6AAF8F-F843-41C6-A9AC-30EFCD5C45BB}.Debug|Any CPU.Build.0 = Debug|Any CPU
		{FC6AAF8F-F843-41C6-A9AC-30EFCD5C45BB}.Release|Any CPU.ActiveCfg = Release|Any CPU
		{FC6AAF8F-F843-41C6-A9AC-30EFCD5C45BB}.Release|Any CPU.Build.0 = Release|Any CPU
		{FCBBB4F6-162C-4764-A567-B2C397E5E6A5}.Debug|Any CPU.ActiveCfg = Debug|Any CPU
		{FCBBB4F6-162C-4764-A567-B2C397E5E6A5}.Debug|Any CPU.Build.0 = Debug|Any CPU
		{FCBBB4F6-162C-4764-A567-B2C397E5E6A5}.Release|Any CPU.ActiveCfg = Release|Any CPU
		{FCBBB4F6-162C-4764-A567-B2C397E5E6A5}.Release|Any CPU.Build.0 = Release|Any CPU
		{16F22403-E423-4750-868F-81BE80DDAB23}.Debug|Any CPU.ActiveCfg = Debug|Any CPU
		{16F22403-E423-4750-868F-81BE80DDAB23}.Debug|Any CPU.Build.0 = Debug|Any CPU
		{16F22403-E423-4750-868F-81BE80DDAB23}.Release|Any CPU.ActiveCfg = Release|Any CPU
		{16F22403-E423-4750-868F-81BE80DDAB23}.Release|Any CPU.Build.0 = Release|Any CPU
		{A2F25941-D1E2-46F9-837F-7D64432D8AB2}.Debug|Any CPU.ActiveCfg = Debug|Any CPU
		{A2F25941-D1E2-46F9-837F-7D64432D8AB2}.Debug|Any CPU.Build.0 = Debug|Any CPU
		{A2F25941-D1E2-46F9-837F-7D64432D8AB2}.Release|Any CPU.ActiveCfg = Release|Any CPU
		{A2F25941-D1E2-46F9-837F-7D64432D8AB2}.Release|Any CPU.Build.0 = Release|Any CPU
		{84860CDA-CAAC-4254-993A-DD33B9D7EBE7}.Debug|Any CPU.ActiveCfg = Debug|Any CPU
		{84860CDA-CAAC-4254-993A-DD33B9D7EBE7}.Debug|Any CPU.Build.0 = Debug|Any CPU
		{84860CDA-CAAC-4254-993A-DD33B9D7EBE7}.Release|Any CPU.ActiveCfg = Release|Any CPU
		{84860CDA-CAAC-4254-993A-DD33B9D7EBE7}.Release|Any CPU.Build.0 = Release|Any CPU
		{3967CF49-08EE-43FC-9D98-4D43CA98CA6D}.Debug|Any CPU.ActiveCfg = Debug|Any CPU
		{3967CF49-08EE-43FC-9D98-4D43CA98CA6D}.Debug|Any CPU.Build.0 = Debug|Any CPU
		{3967CF49-08EE-43FC-9D98-4D43CA98CA6D}.Release|Any CPU.ActiveCfg = Release|Any CPU
		{3967CF49-08EE-43FC-9D98-4D43CA98CA6D}.Release|Any CPU.Build.0 = Release|Any CPU
		{F8514194-2B65-4FB8-899F-51675565B68A}.Debug|Any CPU.ActiveCfg = Debug|Any CPU
		{F8514194-2B65-4FB8-899F-51675565B68A}.Debug|Any CPU.Build.0 = Debug|Any CPU
		{F8514194-2B65-4FB8-899F-51675565B68A}.Release|Any CPU.ActiveCfg = Release|Any CPU
		{F8514194-2B65-4FB8-899F-51675565B68A}.Release|Any CPU.Build.0 = Release|Any CPU
	EndGlobalSection
	GlobalSection(NestedProjects) = preSolution
		{FC6AAF8F-F843-41C6-A9AC-30EFCD5C45BB} = {7EC280BE-BECF-4BE9-A995-7B3D74B5634D}
		{FCBBB4F6-162C-4764-A567-B2C397E5E6A5} = {7EC280BE-BECF-4BE9-A995-7B3D74B5634D}
		{16F22403-E423-4750-868F-81BE80DDAB23} = {7EC280BE-BECF-4BE9-A995-7B3D74B5634D}
		{A2F25941-D1E2-46F9-837F-7D64432D8AB2} = {7EC280BE-BECF-4BE9-A995-7B3D74B5634D}
		{84860CDA-CAAC-4254-993A-DD33B9D7EBE7} = {7EC280BE-BECF-4BE9-A995-7B3D74B5634D}
		{3967CF49-08EE-43FC-9D98-4D43CA98CA6D} = {F44A98EE-D554-4421-81F7-6AA539B9DBD7}
		{F8514194-2B65-4FB8-899F-51675565B68A} = {F44A98EE-D554-4421-81F7-6AA539B9DBD7}
	EndGlobalSection
EndGlobal
